
Microsoft Visual Studio Solution File, Format Version 12.00
# Visual Studio Version 17
VisualStudioVersion = 17.13.35818.85 d17.13
MinimumVisualStudioVersion = 10.0.40219.1
Project("{FAE04EC0-301F-11D3-BF4B-00C04F79EFBC}") = "YT_Player", "YT_Player.csproj", "{024B5D67-E535-4912-B2A4-41A41C647DF4}"
EndProject
Global
	GlobalSection(SolutionConfigurationPlatforms) = preSolution
		Debug|Any CPU = Debug|Any CPU
		Release|Any CPU = Release|Any CPU
	EndGlobalSection
	GlobalSection(ProjectConfigurationPlatforms) = postSolution
		{024B5D67-E535-4912-B2A4-41A41C647DF4}.Debug|Any CPU.ActiveCfg = Debug|Any CPU
		{024B5D67-E535-4912-B2A4-41A41C647DF4}.Debug|Any CPU.Build.0 = Debug|Any CPU
		{024B5D67-E535-4912-B2A4-41A41C647DF4}.Release|Any CPU.ActiveCfg = Release|Any CPU
		{024B5D67-E535-4912-B2A4-41A41C647DF4}.Release|Any CPU.Build.0 = Release|Any CPU
	EndGlobalSection
	GlobalSection(SolutionProperties) = preSolution
		HideSolutionNode = FALSE
	EndGlobalSection
	GlobalSection(ExtensibilityGlobals) = postSolution
		SolutionGuid = {2FB22800-822F-407D-8140-C14C7CA306D5}
	EndGlobalSection
EndGlobal
